// !$*UTF8*$!
{
	archiveVersion = 1;
	classes = {
	};
	objectVersion = 56;
	objects = {

/* Begin PBXBuildFile section */
		ACADA93D2BCEC8BA008A621C /* SearchCourse.swift in Sources */ = {isa = PBXBuildFile; fileRef = ACADA93C2BCEC8BA008A621C /* SearchCourse.swift */; };
		B605DD8A2BACFB2000508F73 /* MakeReviewView.swift in Sources */ = {isa = PBXBuildFile; fileRef = AEF3D2642B06FBDE007785A8 /* MakeReviewView.swift */; };
		B607A85F2AF476F90010D6DF /* CourseItemView.swift in Sources */ = {isa = PBXBuildFile; fileRef = B607A85E2AF476F90010D6DF /* CourseItemView.swift */; };
		B607A8612AF477EF0010D6DF /* CourseItemViewModel.swift in Sources */ = {isa = PBXBuildFile; fileRef = B607A8602AF477EF0010D6DF /* CourseItemViewModel.swift */; };
		B607A8632AF479000010D6DF /* CourseItem.swift in Sources */ = {isa = PBXBuildFile; fileRef = B607A8622AF479000010D6DF /* CourseItem.swift */; };
		B63140462BCB657A0075EBD2 /* ReviewService.swift in Sources */ = {isa = PBXBuildFile; fileRef = B63140452BCB657A0075EBD2 /* ReviewService.swift */; };
		B631404A2BCDB04D0075EBD2 /* User.swift in Sources */ = {isa = PBXBuildFile; fileRef = B63140492BCDB04D0075EBD2 /* User.swift */; };
		B63244EE2AEB1A4B003C3C3D /* MCoursesApp.swift in Sources */ = {isa = PBXBuildFile; fileRef = B63244ED2AEB1A4B003C3C3D /* MCoursesApp.swift */; };
		B63244F22AEB1A4C003C3C3D /* Assets.xcassets in Resources */ = {isa = PBXBuildFile; fileRef = B63244F12AEB1A4C003C3C3D /* Assets.xcassets */; };
		B63244F52AEB1A4C003C3C3D /* Preview Assets.xcassets in Resources */ = {isa = PBXBuildFile; fileRef = B63244F42AEB1A4C003C3C3D /* Preview Assets.xcassets */; };
		B63244FF2AEB1A4C003C3C3D /* MCoursesTests.swift in Sources */ = {isa = PBXBuildFile; fileRef = B63244FE2AEB1A4C003C3C3D /* MCoursesTests.swift */; };
		B63245092AEB1A4C003C3C3D /* MCoursesUITests.swift in Sources */ = {isa = PBXBuildFile; fileRef = B63245082AEB1A4C003C3C3D /* MCoursesUITests.swift */; };
		B632450B2AEB1A4C003C3C3D /* MCoursesUITestsLaunchTests.swift in Sources */ = {isa = PBXBuildFile; fileRef = B632450A2AEB1A4C003C3C3D /* MCoursesUITestsLaunchTests.swift */; };
		B633CA6D2B64181C00FE1417 /* GoogleService-Info.plist in Resources */ = {isa = PBXBuildFile; fileRef = B633CA6C2B64181C00FE1417 /* GoogleService-Info.plist */; };
		B633CA6F2B64183D00FE1417 /* GoogleSignIn in Frameworks */ = {isa = PBXBuildFile; productRef = B633CA6E2B64183D00FE1417 /* GoogleSignIn */; };
		B633CA712B64183D00FE1417 /* GoogleSignInSwift in Frameworks */ = {isa = PBXBuildFile; productRef = B633CA702B64183D00FE1417 /* GoogleSignInSwift */; };
		B633CA752B64186B00FE1417 /* DBUser.swift in Sources */ = {isa = PBXBuildFile; fileRef = B633CA732B64186B00FE1417 /* DBUser.swift */; };
		B633CA762B64186B00FE1417 /* UserManager.swift in Sources */ = {isa = PBXBuildFile; fileRef = B633CA742B64186B00FE1417 /* UserManager.swift */; };
		B633CA792B6418BE00FE1417 /* Utilities.swift in Sources */ = {isa = PBXBuildFile; fileRef = B633CA782B6418BE00FE1417 /* Utilities.swift */; };
		B633CA7C2B64196C00FE1417 /* RootView.swift in Sources */ = {isa = PBXBuildFile; fileRef = B633CA7B2B64196C00FE1417 /* RootView.swift */; };
		B65567EA2B6413760036C0D7 /* FirebaseAnalytics in Frameworks */ = {isa = PBXBuildFile; productRef = B65567E92B6413760036C0D7 /* FirebaseAnalytics */; };
		B65567EC2B6413760036C0D7 /* FirebaseAnalyticsSwift in Frameworks */ = {isa = PBXBuildFile; productRef = B65567EB2B6413760036C0D7 /* FirebaseAnalyticsSwift */; };
		B65567EE2B6413760036C0D7 /* FirebaseAuth in Frameworks */ = {isa = PBXBuildFile; productRef = B65567ED2B6413760036C0D7 /* FirebaseAuth */; };
		B65567F02B6413760036C0D7 /* FirebaseDatabase in Frameworks */ = {isa = PBXBuildFile; productRef = B65567EF2B6413760036C0D7 /* FirebaseDatabase */; };
		B65567F22B6413760036C0D7 /* FirebaseFirestore in Frameworks */ = {isa = PBXBuildFile; productRef = B65567F12B6413760036C0D7 /* FirebaseFirestore */; };
		B65567F42B6413760036C0D7 /* FirebaseFirestoreSwift in Frameworks */ = {isa = PBXBuildFile; productRef = B65567F32B6413760036C0D7 /* FirebaseFirestoreSwift */; };
		B65567F62B6413760036C0D7 /* FirebaseStorage in Frameworks */ = {isa = PBXBuildFile; productRef = B65567F52B6413760036C0D7 /* FirebaseStorage */; };
		B6673A4D2BCDBE010066BDED /* SearchView.swift in Sources */ = {isa = PBXBuildFile; fileRef = B6673A4C2BCDBE010066BDED /* SearchView.swift */; };
		B6673A512BCDC03D0066BDED /* FilterView.swift in Sources */ = {isa = PBXBuildFile; fileRef = B6673A502BCDC03D0066BDED /* FilterView.swift */; };
		B6673A532BCDC25D0066BDED /* SearchViewModel.swift in Sources */ = {isa = PBXBuildFile; fileRef = B6673A522BCDC25D0066BDED /* SearchViewModel.swift */; };
		B6673A552BCDC2EF0066BDED /* CourseService.swift in Sources */ = {isa = PBXBuildFile; fileRef = B6673A542BCDC2EF0066BDED /* CourseService.swift */; };
		B685E2692BACFFC400CDE152 /* GoogleSignInHelper.swift in Sources */ = {isa = PBXBuildFile; fileRef = B685E2632BACFFC300CDE152 /* GoogleSignInHelper.swift */; };
		B685E26B2BACFFC400CDE152 /* AuthViewModel.swift in Sources */ = {isa = PBXBuildFile; fileRef = B685E2652BACFFC300CDE152 /* AuthViewModel.swift */; };
		B685E26C2BACFFC400CDE152 /* AuthView.swift in Sources */ = {isa = PBXBuildFile; fileRef = B685E2662BACFFC300CDE152 /* AuthView.swift */; };
		B685E26D2BACFFC400CDE152 /* AuthManager.swift in Sources */ = {isa = PBXBuildFile; fileRef = B685E2672BACFFC300CDE152 /* AuthManager.swift */; };
		B69A52132B75B429004DB5D2 /* SettingsView.swift in Sources */ = {isa = PBXBuildFile; fileRef = B69A52112B75B429004DB5D2 /* SettingsView.swift */; };
		B69A52142B75B429004DB5D2 /* SettingsViewModel.swift in Sources */ = {isa = PBXBuildFile; fileRef = B69A52122B75B429004DB5D2 /* SettingsViewModel.swift */; };
		B69A52172B75B456004DB5D2 /* ProfileViewModel.swift in Sources */ = {isa = PBXBuildFile; fileRef = B69A52152B75B456004DB5D2 /* ProfileViewModel.swift */; };
		B69A52182B75B456004DB5D2 /* ProfileView.swift in Sources */ = {isa = PBXBuildFile; fileRef = B69A52162B75B456004DB5D2 /* ProfileView.swift */; };
		B69A521B2B75B4D4004DB5D2 /* StorageManager.swift in Sources */ = {isa = PBXBuildFile; fileRef = B69A521A2B75B4D4004DB5D2 /* StorageManager.swift */; };
		B6A080D02B1962D00051F87A /* Course.swift in Sources */ = {isa = PBXBuildFile; fileRef = B6A080CF2B1962D00051F87A /* Course.swift */; };
		B6A080D22B1963430051F87A /* Review.swift in Sources */ = {isa = PBXBuildFile; fileRef = B6A080D12B1963430051F87A /* Review.swift */; };
		B6A080D42B19662D0051F87A /* CourseViewModel.swift in Sources */ = {isa = PBXBuildFile; fileRef = B6A080D32B19662D0051F87A /* CourseViewModel.swift */; };
		B6FB26FE2B06FBF300FE4C74 /* CourseView.swift in Sources */ = {isa = PBXBuildFile; fileRef = B6FB26FD2B06FBF300FE4C74 /* CourseView.swift */; };
/* End PBXBuildFile section */

/* Begin PBXContainerItemProxy section */
		B63244FB2AEB1A4C003C3C3D /* PBXContainerItemProxy */ = {
			isa = PBXContainerItemProxy;
			containerPortal = B63244E22AEB1A4B003C3C3D /* Project object */;
			proxyType = 1;
			remoteGlobalIDString = B63244E92AEB1A4B003C3C3D;
			remoteInfo = MCourses;
		};
		B63245052AEB1A4C003C3C3D /* PBXContainerItemProxy */ = {
			isa = PBXContainerItemProxy;
			containerPortal = B63244E22AEB1A4B003C3C3D /* Project object */;
			proxyType = 1;
			remoteGlobalIDString = B63244E92AEB1A4B003C3C3D;
			remoteInfo = MCourses;
		};
/* End PBXContainerItemProxy section */

/* Begin PBXFileReference section */
		ACADA9382BCEC558008A621C /* SearchView.swift */ = {isa = PBXFileReference; lastKnownFileType = sourcecode.swift; path = SearchView.swift; sourceTree = "<group>"; };
		ACADA93C2BCEC8BA008A621C /* SearchCourse.swift */ = {isa = PBXFileReference; lastKnownFileType = sourcecode.swift; path = SearchCourse.swift; sourceTree = "<group>"; };
		ACADA93E2BCECA52008A621C /* FilterView.swift */ = {isa = PBXFileReference; lastKnownFileType = sourcecode.swift; path = FilterView.swift; sourceTree = "<group>"; };
		AEF3D2642B06FBDE007785A8 /* MakeReviewView.swift */ = {isa = PBXFileReference; lastKnownFileType = sourcecode.swift; path = MakeReviewView.swift; sourceTree = "<group>"; };
		B607A85E2AF476F90010D6DF /* CourseItemView.swift */ = {isa = PBXFileReference; lastKnownFileType = sourcecode.swift; path = CourseItemView.swift; sourceTree = "<group>"; };
		B607A8602AF477EF0010D6DF /* CourseItemViewModel.swift */ = {isa = PBXFileReference; lastKnownFileType = sourcecode.swift; path = CourseItemViewModel.swift; sourceTree = "<group>"; };
		B607A8622AF479000010D6DF /* CourseItem.swift */ = {isa = PBXFileReference; lastKnownFileType = sourcecode.swift; path = CourseItem.swift; sourceTree = "<group>"; };
		B63140452BCB657A0075EBD2 /* ReviewService.swift */ = {isa = PBXFileReference; lastKnownFileType = sourcecode.swift; path = ReviewService.swift; sourceTree = "<group>"; };
		B63140492BCDB04D0075EBD2 /* User.swift */ = {isa = PBXFileReference; lastKnownFileType = sourcecode.swift; path = User.swift; sourceTree = "<group>"; };
		B63244EA2AEB1A4B003C3C3D /* MCourses.app */ = {isa = PBXFileReference; explicitFileType = wrapper.application; includeInIndex = 0; path = MCourses.app; sourceTree = BUILT_PRODUCTS_DIR; };
		B63244ED2AEB1A4B003C3C3D /* MCoursesApp.swift */ = {isa = PBXFileReference; lastKnownFileType = sourcecode.swift; path = MCoursesApp.swift; sourceTree = "<group>"; };
		B63244F12AEB1A4C003C3C3D /* Assets.xcassets */ = {isa = PBXFileReference; lastKnownFileType = folder.assetcatalog; path = Assets.xcassets; sourceTree = "<group>"; };
		B63244F42AEB1A4C003C3C3D /* Preview Assets.xcassets */ = {isa = PBXFileReference; lastKnownFileType = folder.assetcatalog; path = "Preview Assets.xcassets"; sourceTree = "<group>"; };
		B63244FA2AEB1A4C003C3C3D /* MCoursesTests.xctest */ = {isa = PBXFileReference; explicitFileType = wrapper.cfbundle; includeInIndex = 0; path = MCoursesTests.xctest; sourceTree = BUILT_PRODUCTS_DIR; };
		B63244FE2AEB1A4C003C3C3D /* MCoursesTests.swift */ = {isa = PBXFileReference; lastKnownFileType = sourcecode.swift; path = MCoursesTests.swift; sourceTree = "<group>"; };
		B63245042AEB1A4C003C3C3D /* MCoursesUITests.xctest */ = {isa = PBXFileReference; explicitFileType = wrapper.cfbundle; includeInIndex = 0; path = MCoursesUITests.xctest; sourceTree = BUILT_PRODUCTS_DIR; };
		B63245082AEB1A4C003C3C3D /* MCoursesUITests.swift */ = {isa = PBXFileReference; lastKnownFileType = sourcecode.swift; path = MCoursesUITests.swift; sourceTree = "<group>"; };
		B632450A2AEB1A4C003C3C3D /* MCoursesUITestsLaunchTests.swift */ = {isa = PBXFileReference; lastKnownFileType = sourcecode.swift; path = MCoursesUITestsLaunchTests.swift; sourceTree = "<group>"; };
		B633CA6C2B64181C00FE1417 /* GoogleService-Info.plist */ = {isa = PBXFileReference; fileEncoding = 4; lastKnownFileType = text.plist.xml; path = "GoogleService-Info.plist"; sourceTree = "<group>"; };
		B633CA732B64186B00FE1417 /* DBUser.swift */ = {isa = PBXFileReference; fileEncoding = 4; lastKnownFileType = sourcecode.swift; path = DBUser.swift; sourceTree = "<group>"; };
		B633CA742B64186B00FE1417 /* UserManager.swift */ = {isa = PBXFileReference; fileEncoding = 4; lastKnownFileType = sourcecode.swift; path = UserManager.swift; sourceTree = "<group>"; };
		B633CA782B6418BE00FE1417 /* Utilities.swift */ = {isa = PBXFileReference; fileEncoding = 4; lastKnownFileType = sourcecode.swift; path = Utilities.swift; sourceTree = "<group>"; };
		B633CA7B2B64196C00FE1417 /* RootView.swift */ = {isa = PBXFileReference; lastKnownFileType = sourcecode.swift; path = RootView.swift; sourceTree = "<group>"; };
		B633CA7D2B641B8200FE1417 /* Info.plist */ = {isa = PBXFileReference; lastKnownFileType = text.plist; path = Info.plist; sourceTree = "<group>"; };
		B6673A4C2BCDBE010066BDED /* SearchView.swift */ = {isa = PBXFileReference; fileEncoding = 4; lastKnownFileType = sourcecode.swift; path = SearchView.swift; sourceTree = "<group>"; };
		B6673A502BCDC03D0066BDED /* FilterView.swift */ = {isa = PBXFileReference; lastKnownFileType = sourcecode.swift; path = FilterView.swift; sourceTree = "<group>"; };
		B6673A522BCDC25D0066BDED /* SearchViewModel.swift */ = {isa = PBXFileReference; lastKnownFileType = sourcecode.swift; path = SearchViewModel.swift; sourceTree = "<group>"; };
		B6673A542BCDC2EF0066BDED /* CourseService.swift */ = {isa = PBXFileReference; lastKnownFileType = sourcecode.swift; path = CourseService.swift; sourceTree = "<group>"; };
		B685E2632BACFFC300CDE152 /* GoogleSignInHelper.swift */ = {isa = PBXFileReference; fileEncoding = 4; lastKnownFileType = sourcecode.swift; path = GoogleSignInHelper.swift; sourceTree = "<group>"; };
		B685E2652BACFFC300CDE152 /* AuthViewModel.swift */ = {isa = PBXFileReference; fileEncoding = 4; lastKnownFileType = sourcecode.swift; path = AuthViewModel.swift; sourceTree = "<group>"; };
		B685E2662BACFFC300CDE152 /* AuthView.swift */ = {isa = PBXFileReference; fileEncoding = 4; lastKnownFileType = sourcecode.swift; path = AuthView.swift; sourceTree = "<group>"; };
		B685E2672BACFFC300CDE152 /* AuthManager.swift */ = {isa = PBXFileReference; fileEncoding = 4; lastKnownFileType = sourcecode.swift; path = AuthManager.swift; sourceTree = "<group>"; };
		B69A52112B75B429004DB5D2 /* SettingsView.swift */ = {isa = PBXFileReference; fileEncoding = 4; lastKnownFileType = sourcecode.swift; path = SettingsView.swift; sourceTree = "<group>"; };
		B69A52122B75B429004DB5D2 /* SettingsViewModel.swift */ = {isa = PBXFileReference; fileEncoding = 4; lastKnownFileType = sourcecode.swift; path = SettingsViewModel.swift; sourceTree = "<group>"; };
		B69A52152B75B456004DB5D2 /* ProfileViewModel.swift */ = {isa = PBXFileReference; fileEncoding = 4; lastKnownFileType = sourcecode.swift; path = ProfileViewModel.swift; sourceTree = "<group>"; };
		B69A52162B75B456004DB5D2 /* ProfileView.swift */ = {isa = PBXFileReference; fileEncoding = 4; lastKnownFileType = sourcecode.swift; path = ProfileView.swift; sourceTree = "<group>"; };
		B69A521A2B75B4D4004DB5D2 /* StorageManager.swift */ = {isa = PBXFileReference; fileEncoding = 4; lastKnownFileType = sourcecode.swift; path = StorageManager.swift; sourceTree = "<group>"; };
		B6A080CF2B1962D00051F87A /* Course.swift */ = {isa = PBXFileReference; lastKnownFileType = sourcecode.swift; path = Course.swift; sourceTree = "<group>"; };
		B6A080D12B1963430051F87A /* Review.swift */ = {isa = PBXFileReference; lastKnownFileType = sourcecode.swift; path = Review.swift; sourceTree = "<group>"; };
		B6A080D32B19662D0051F87A /* CourseViewModel.swift */ = {isa = PBXFileReference; lastKnownFileType = sourcecode.swift; path = CourseViewModel.swift; sourceTree = "<group>"; };
		B6FB26FD2B06FBF300FE4C74 /* CourseView.swift */ = {isa = PBXFileReference; lastKnownFileType = sourcecode.swift; path = CourseView.swift; sourceTree = "<group>"; };
/* End PBXFileReference section */

/* Begin PBXFrameworksBuildPhase section */
		B63244E72AEB1A4B003C3C3D /* Frameworks */ = {
			isa = PBXFrameworksBuildPhase;
			buildActionMask = 2147483647;
			files = (
				B633CA712B64183D00FE1417 /* GoogleSignInSwift in Frameworks */,
				B65567EC2B6413760036C0D7 /* FirebaseAnalyticsSwift in Frameworks */,
				B633CA6F2B64183D00FE1417 /* GoogleSignIn in Frameworks */,
				B65567EE2B6413760036C0D7 /* FirebaseAuth in Frameworks */,
				B65567F02B6413760036C0D7 /* FirebaseDatabase in Frameworks */,
				B65567F22B6413760036C0D7 /* FirebaseFirestore in Frameworks */,
				B65567F62B6413760036C0D7 /* FirebaseStorage in Frameworks */,
				B65567EA2B6413760036C0D7 /* FirebaseAnalytics in Frameworks */,
				B65567F42B6413760036C0D7 /* FirebaseFirestoreSwift in Frameworks */,
			);
			runOnlyForDeploymentPostprocessing = 0;
		};
		B63244F72AEB1A4C003C3C3D /* Frameworks */ = {
			isa = PBXFrameworksBuildPhase;
			buildActionMask = 2147483647;
			files = (
			);
			runOnlyForDeploymentPostprocessing = 0;
		};
		B63245012AEB1A4C003C3C3D /* Frameworks */ = {
			isa = PBXFrameworksBuildPhase;
			buildActionMask = 2147483647;
			files = (
			);
			runOnlyForDeploymentPostprocessing = 0;
		};
/* End PBXFrameworksBuildPhase section */

/* Begin PBXGroup section */
		B63244E12AEB1A4B003C3C3D = {
			isa = PBXGroup;
			children = (
				B63244EC2AEB1A4B003C3C3D /* MCourses */,
				B63244FD2AEB1A4C003C3C3D /* MCoursesTests */,
				B63245072AEB1A4C003C3C3D /* MCoursesUITests */,
				B63244EB2AEB1A4B003C3C3D /* Products */,
			);
			sourceTree = "<group>";
		};
		B63244EB2AEB1A4B003C3C3D /* Products */ = {
			isa = PBXGroup;
			children = (
				B63244EA2AEB1A4B003C3C3D /* MCourses.app */,
				B63244FA2AEB1A4C003C3C3D /* MCoursesTests.xctest */,
				B63245042AEB1A4C003C3C3D /* MCoursesUITests.xctest */,
			);
			name = Products;
			sourceTree = "<group>";
		};
		B63244EC2AEB1A4B003C3C3D /* MCourses */ = {
			isa = PBXGroup;
			children = (
				B685E2622BACFFC300CDE152 /* Authentication */,
				B633CA7D2B641B8200FE1417 /* Info.plist */,
				B69A52192B75B4D4004DB5D2 /* Storage */,
				B633CA7A2B64195C00FE1417 /* Core */,
				B633CA6C2B64181C00FE1417 /* GoogleService-Info.plist */,
				B63244ED2AEB1A4B003C3C3D /* MCoursesApp.swift */,
				B63244F12AEB1A4C003C3C3D /* Assets.xcassets */,
				B633CA772B6418BE00FE1417 /* Utilities */,
				B633CA722B64186B00FE1417 /* Firestore */,
				B63244F32AEB1A4C003C3C3D /* Preview Content */,
			);
			path = MCourses;
			sourceTree = "<group>";
		};
		B63244F32AEB1A4C003C3C3D /* Preview Content */ = {
			isa = PBXGroup;
			children = (
				B63244F42AEB1A4C003C3C3D /* Preview Assets.xcassets */,
			);
			path = "Preview Content";
			sourceTree = "<group>";
		};
		B63244FD2AEB1A4C003C3C3D /* MCoursesTests */ = {
			isa = PBXGroup;
			children = (
				B63244FE2AEB1A4C003C3C3D /* MCoursesTests.swift */,
			);
			path = MCoursesTests;
			sourceTree = "<group>";
		};
		B63245072AEB1A4C003C3C3D /* MCoursesUITests */ = {
			isa = PBXGroup;
			children = (
				B63245082AEB1A4C003C3C3D /* MCoursesUITests.swift */,
				B632450A2AEB1A4C003C3C3D /* MCoursesUITestsLaunchTests.swift */,
			);
			path = MCoursesUITests;
			sourceTree = "<group>";
		};
		B633CA722B64186B00FE1417 /* Firestore */ = {
			isa = PBXGroup;
			children = (
				B633CA732B64186B00FE1417 /* DBUser.swift */,
				B633CA742B64186B00FE1417 /* UserManager.swift */,
			);
			path = Firestore;
			sourceTree = "<group>";
		};
		B633CA772B6418BE00FE1417 /* Utilities */ = {
			isa = PBXGroup;
			children = (
				B633CA782B6418BE00FE1417 /* Utilities.swift */,
			);
			path = Utilities;
			sourceTree = "<group>";
		};
		B633CA7A2B64195C00FE1417 /* Core */ = {
			isa = PBXGroup;
			children = (
				B6673A4C2BCDBE010066BDED /* SearchView.swift */,
				B6673A522BCDC25D0066BDED /* SearchViewModel.swift */,
				B69A52162B75B456004DB5D2 /* ProfileView.swift */,
				B69A52152B75B456004DB5D2 /* ProfileViewModel.swift */,
				ACADA93E2BCECA52008A621C /* FilterView.swift */,
				B69A52112B75B429004DB5D2 /* SettingsView.swift */,
				ACADA9382BCEC558008A621C /* SearchView.swift */,
				ACADA93C2BCEC8BA008A621C /* SearchCourse.swift */,
				B69A52122B75B429004DB5D2 /* SettingsViewModel.swift */,
				B607A85E2AF476F90010D6DF /* CourseItemView.swift */,
				B607A8602AF477EF0010D6DF /* CourseItemViewModel.swift */,
				B607A8622AF479000010D6DF /* CourseItem.swift */,
				B6FB26FD2B06FBF300FE4C74 /* CourseView.swift */,
				B6A080D32B19662D0051F87A /* CourseViewModel.swift */,
				B6A080CF2B1962D00051F87A /* Course.swift */,
				B6A080D12B1963430051F87A /* Review.swift */,
				B633CA7B2B64196C00FE1417 /* RootView.swift */,
				AEF3D2642B06FBDE007785A8 /* MakeReviewView.swift */,
				B63140452BCB657A0075EBD2 /* ReviewService.swift */,
				B63140492BCDB04D0075EBD2 /* User.swift */,
				B6673A502BCDC03D0066BDED /* FilterView.swift */,
				B6673A542BCDC2EF0066BDED /* CourseService.swift */,
			);
			path = Core;
			sourceTree = "<group>";
		};
		B685E2622BACFFC300CDE152 /* Authentication */ = {
			isa = PBXGroup;
			children = (
				B685E2632BACFFC300CDE152 /* GoogleSignInHelper.swift */,
				B685E2652BACFFC300CDE152 /* AuthViewModel.swift */,
				B685E2662BACFFC300CDE152 /* AuthView.swift */,
				B685E2672BACFFC300CDE152 /* AuthManager.swift */,
			);
			path = Authentication;
			sourceTree = "<group>";
		};
		B69A52192B75B4D4004DB5D2 /* Storage */ = {
			isa = PBXGroup;
			children = (
				B69A521A2B75B4D4004DB5D2 /* StorageManager.swift */,
			);
			path = Storage;
			sourceTree = "<group>";
		};
/* End PBXGroup section */

/* Begin PBXNativeTarget section */
		B63244E92AEB1A4B003C3C3D /* MCourses */ = {
			isa = PBXNativeTarget;
			buildConfigurationList = B632450E2AEB1A4C003C3C3D /* Build configuration list for PBXNativeTarget "MCourses" */;
			buildPhases = (
				B63244E62AEB1A4B003C3C3D /* Sources */,
				B63244E72AEB1A4B003C3C3D /* Frameworks */,
				B63244E82AEB1A4B003C3C3D /* Resources */,
			);
			buildRules = (
			);
			dependencies = (
			);
			name = MCourses;
			packageProductDependencies = (
				B65567E92B6413760036C0D7 /* FirebaseAnalytics */,
				B65567EB2B6413760036C0D7 /* FirebaseAnalyticsSwift */,
				B65567ED2B6413760036C0D7 /* FirebaseAuth */,
				B65567EF2B6413760036C0D7 /* FirebaseDatabase */,
				B65567F12B6413760036C0D7 /* FirebaseFirestore */,
				B65567F32B6413760036C0D7 /* FirebaseFirestoreSwift */,
				B65567F52B6413760036C0D7 /* FirebaseStorage */,
				B633CA6E2B64183D00FE1417 /* GoogleSignIn */,
				B633CA702B64183D00FE1417 /* GoogleSignInSwift */,
			);
			productName = MCourses;
			productReference = B63244EA2AEB1A4B003C3C3D /* MCourses.app */;
			productType = "com.apple.product-type.application";
		};
		B63244F92AEB1A4C003C3C3D /* MCoursesTests */ = {
			isa = PBXNativeTarget;
			buildConfigurationList = B63245112AEB1A4C003C3C3D /* Build configuration list for PBXNativeTarget "MCoursesTests" */;
			buildPhases = (
				B63244F62AEB1A4C003C3C3D /* Sources */,
				B63244F72AEB1A4C003C3C3D /* Frameworks */,
				B63244F82AEB1A4C003C3C3D /* Resources */,
			);
			buildRules = (
			);
			dependencies = (
				B63244FC2AEB1A4C003C3C3D /* PBXTargetDependency */,
			);
			name = MCoursesTests;
			productName = MCoursesTests;
			productReference = B63244FA2AEB1A4C003C3C3D /* MCoursesTests.xctest */;
			productType = "com.apple.product-type.bundle.unit-test";
		};
		B63245032AEB1A4C003C3C3D /* MCoursesUITests */ = {
			isa = PBXNativeTarget;
			buildConfigurationList = B63245142AEB1A4C003C3C3D /* Build configuration list for PBXNativeTarget "MCoursesUITests" */;
			buildPhases = (
				B63245002AEB1A4C003C3C3D /* Sources */,
				B63245012AEB1A4C003C3C3D /* Frameworks */,
				B63245022AEB1A4C003C3C3D /* Resources */,
			);
			buildRules = (
			);
			dependencies = (
				B63245062AEB1A4C003C3C3D /* PBXTargetDependency */,
			);
			name = MCoursesUITests;
			productName = MCoursesUITests;
			productReference = B63245042AEB1A4C003C3C3D /* MCoursesUITests.xctest */;
			productType = "com.apple.product-type.bundle.ui-testing";
		};
/* End PBXNativeTarget section */

/* Begin PBXProject section */
		B63244E22AEB1A4B003C3C3D /* Project object */ = {
			isa = PBXProject;
			attributes = {
				BuildIndependentTargetsInParallel = 1;
				LastSwiftUpdateCheck = 1500;
				LastUpgradeCheck = 1500;
				TargetAttributes = {
					B63244E92AEB1A4B003C3C3D = {
						CreatedOnToolsVersion = 15.0;
					};
					B63244F92AEB1A4C003C3C3D = {
						CreatedOnToolsVersion = 15.0;
						TestTargetID = B63244E92AEB1A4B003C3C3D;
					};
					B63245032AEB1A4C003C3C3D = {
						CreatedOnToolsVersion = 15.0;
						TestTargetID = B63244E92AEB1A4B003C3C3D;
					};
				};
			};
			buildConfigurationList = B63244E52AEB1A4B003C3C3D /* Build configuration list for PBXProject "MCourses" */;
			compatibilityVersion = "Xcode 14.0";
			developmentRegion = en;
			hasScannedForEncodings = 0;
			knownRegions = (
				en,
				Base,
			);
			mainGroup = B63244E12AEB1A4B003C3C3D;
			packageReferences = (
				B65567E82B6413760036C0D7 /* XCRemoteSwiftPackageReference "firebase-ios-sdk" */,
				B65567F72B6416D60036C0D7 /* XCRemoteSwiftPackageReference "GoogleSignIn-iOS" */,
			);
			productRefGroup = B63244EB2AEB1A4B003C3C3D /* Products */;
			projectDirPath = "";
			projectRoot = "";
			targets = (
				B63244E92AEB1A4B003C3C3D /* MCourses */,
				B63244F92AEB1A4C003C3C3D /* MCoursesTests */,
				B63245032AEB1A4C003C3C3D /* MCoursesUITests */,
			);
		};
/* End PBXProject section */

/* Begin PBXResourcesBuildPhase section */
		B63244E82AEB1A4B003C3C3D /* Resources */ = {
			isa = PBXResourcesBuildPhase;
			buildActionMask = 2147483647;
			files = (
				B63244F52AEB1A4C003C3C3D /* Preview Assets.xcassets in Resources */,
				B633CA6D2B64181C00FE1417 /* GoogleService-Info.plist in Resources */,
				B63244F22AEB1A4C003C3C3D /* Assets.xcassets in Resources */,
			);
			runOnlyForDeploymentPostprocessing = 0;
		};
		B63244F82AEB1A4C003C3C3D /* Resources */ = {
			isa = PBXResourcesBuildPhase;
			buildActionMask = 2147483647;
			files = (
			);
			runOnlyForDeploymentPostprocessing = 0;
		};
		B63245022AEB1A4C003C3C3D /* Resources */ = {
			isa = PBXResourcesBuildPhase;
			buildActionMask = 2147483647;
			files = (
			);
			runOnlyForDeploymentPostprocessing = 0;
		};
/* End PBXResourcesBuildPhase section */

/* Begin PBXSourcesBuildPhase section */
		B63244E62AEB1A4B003C3C3D /* Sources */ = {
			isa = PBXSourcesBuildPhase;
			buildActionMask = 2147483647;
			files = (
				B607A8612AF477EF0010D6DF /* CourseItemViewModel.swift in Sources */,
				B63140462BCB657A0075EBD2 /* ReviewService.swift in Sources */,
				B685E2692BACFFC400CDE152 /* GoogleSignInHelper.swift in Sources */,
				B69A52172B75B456004DB5D2 /* ProfileViewModel.swift in Sources */,
				B6673A512BCDC03D0066BDED /* FilterView.swift in Sources */,
				B6A080D02B1962D00051F87A /* Course.swift in Sources */,
				B69A521B2B75B4D4004DB5D2 /* StorageManager.swift in Sources */,
				B633CA762B64186B00FE1417 /* UserManager.swift in Sources */,
				B6A080D22B1963430051F87A /* Review.swift in Sources */,
				B605DD8A2BACFB2000508F73 /* MakeReviewView.swift in Sources */,
				B607A8632AF479000010D6DF /* CourseItem.swift in Sources */,
				B69A52132B75B429004DB5D2 /* SettingsView.swift in Sources */,
				B633CA792B6418BE00FE1417 /* Utilities.swift in Sources */,
				B6673A552BCDC2EF0066BDED /* CourseService.swift in Sources */,
				B631404A2BCDB04D0075EBD2 /* User.swift in Sources */,
				B69A52182B75B456004DB5D2 /* ProfileView.swift in Sources */,
				B685E26C2BACFFC400CDE152 /* AuthView.swift in Sources */,
				B6673A4D2BCDBE010066BDED /* SearchView.swift in Sources */,
				B633CA752B64186B00FE1417 /* DBUser.swift in Sources */,
				B6FB26FE2B06FBF300FE4C74 /* CourseView.swift in Sources */,
				ACADA93D2BCEC8BA008A621C /* SearchCourse.swift in Sources */,
				B633CA7C2B64196C00FE1417 /* RootView.swift in Sources */,
				B685E26B2BACFFC400CDE152 /* AuthViewModel.swift in Sources */,
				B6A080D42B19662D0051F87A /* CourseViewModel.swift in Sources */,
				B6673A532BCDC25D0066BDED /* SearchViewModel.swift in Sources */,
				B607A85F2AF476F90010D6DF /* CourseItemView.swift in Sources */,
				B63244EE2AEB1A4B003C3C3D /* MCoursesApp.swift in Sources */,
				B69A52142B75B429004DB5D2 /* SettingsViewModel.swift in Sources */,
				B685E26D2BACFFC400CDE152 /* AuthManager.swift in Sources */,
			);
			runOnlyForDeploymentPostprocessing = 0;
		};
		B63244F62AEB1A4C003C3C3D /* Sources */ = {
			isa = PBXSourcesBuildPhase;
			buildActionMask = 2147483647;
			files = (
				B63244FF2AEB1A4C003C3C3D /* MCoursesTests.swift in Sources */,
			);
			runOnlyForDeploymentPostprocessing = 0;
		};
		B63245002AEB1A4C003C3C3D /* Sources */ = {
			isa = PBXSourcesBuildPhase;
			buildActionMask = 2147483647;
			files = (
				B632450B2AEB1A4C003C3C3D /* MCoursesUITestsLaunchTests.swift in Sources */,
				B63245092AEB1A4C003C3C3D /* MCoursesUITests.swift in Sources */,
			);
			runOnlyForDeploymentPostprocessing = 0;
		};
/* End PBXSourcesBuildPhase section */

/* Begin PBXTargetDependency section */
		B63244FC2AEB1A4C003C3C3D /* PBXTargetDependency */ = {
			isa = PBXTargetDependency;
			target = B63244E92AEB1A4B003C3C3D /* MCourses */;
			targetProxy = B63244FB2AEB1A4C003C3C3D /* PBXContainerItemProxy */;
		};
		B63245062AEB1A4C003C3C3D /* PBXTargetDependency */ = {
			isa = PBXTargetDependency;
			target = B63244E92AEB1A4B003C3C3D /* MCourses */;
			targetProxy = B63245052AEB1A4C003C3C3D /* PBXContainerItemProxy */;
		};
/* End PBXTargetDependency section */

/* Begin XCBuildConfiguration section */
		B632450C2AEB1A4C003C3C3D /* Debug */ = {
			isa = XCBuildConfiguration;
			buildSettings = {
				ALWAYS_SEARCH_USER_PATHS = NO;
				ASSETCATALOG_COMPILER_GENERATE_SWIFT_ASSET_SYMBOL_EXTENSIONS = YES;
				CLANG_ANALYZER_NONNULL = YES;
				CLANG_ANALYZER_NUMBER_OBJECT_CONVERSION = YES_AGGRESSIVE;
				CLANG_CXX_LANGUAGE_STANDARD = "gnu++20";
				CLANG_ENABLE_MODULES = YES;
				CLANG_ENABLE_OBJC_ARC = YES;
				CLANG_ENABLE_OBJC_WEAK = YES;
				CLANG_WARN_BLOCK_CAPTURE_AUTORELEASING = YES;
				CLANG_WARN_BOOL_CONVERSION = YES;
				CLANG_WARN_COMMA = YES;
				CLANG_WARN_CONSTANT_CONVERSION = YES;
				CLANG_WARN_DEPRECATED_OBJC_IMPLEMENTATIONS = YES;
				CLANG_WARN_DIRECT_OBJC_ISA_USAGE = YES_ERROR;
				CLANG_WARN_DOCUMENTATION_COMMENTS = YES;
				CLANG_WARN_EMPTY_BODY = YES;
				CLANG_WARN_ENUM_CONVERSION = YES;
				CLANG_WARN_INFINITE_RECURSION = YES;
				CLANG_WARN_INT_CONVERSION = YES;
				CLANG_WARN_NON_LITERAL_NULL_CONVERSION = YES;
				CLANG_WARN_OBJC_IMPLICIT_RETAIN_SELF = YES;
				CLANG_WARN_OBJC_LITERAL_CONVERSION = YES;
				CLANG_WARN_OBJC_ROOT_CLASS = YES_ERROR;
				CLANG_WARN_QUOTED_INCLUDE_IN_FRAMEWORK_HEADER = YES;
				CLANG_WARN_RANGE_LOOP_ANALYSIS = YES;
				CLANG_WARN_STRICT_PROTOTYPES = YES;
				CLANG_WARN_SUSPICIOUS_MOVE = YES;
				CLANG_WARN_UNGUARDED_AVAILABILITY = YES_AGGRESSIVE;
				CLANG_WARN_UNREACHABLE_CODE = YES;
				CLANG_WARN__DUPLICATE_METHOD_MATCH = YES;
				COPY_PHASE_STRIP = NO;
				DEBUG_INFORMATION_FORMAT = dwarf;
				ENABLE_STRICT_OBJC_MSGSEND = YES;
				ENABLE_TESTABILITY = YES;
				ENABLE_USER_SCRIPT_SANDBOXING = YES;
				GCC_C_LANGUAGE_STANDARD = gnu17;
				GCC_DYNAMIC_NO_PIC = NO;
				GCC_NO_COMMON_BLOCKS = YES;
				GCC_OPTIMIZATION_LEVEL = 0;
				GCC_PREPROCESSOR_DEFINITIONS = (
					"DEBUG=1",
					"$(inherited)",
				);
				GCC_WARN_64_TO_32_BIT_CONVERSION = YES;
				GCC_WARN_ABOUT_RETURN_TYPE = YES_ERROR;
				GCC_WARN_UNDECLARED_SELECTOR = YES;
				GCC_WARN_UNINITIALIZED_AUTOS = YES_AGGRESSIVE;
				GCC_WARN_UNUSED_FUNCTION = YES;
				GCC_WARN_UNUSED_VARIABLE = YES;
				IPHONEOS_DEPLOYMENT_TARGET = 17.0;
				LOCALIZATION_PREFERS_STRING_CATALOGS = YES;
				MTL_ENABLE_DEBUG_INFO = INCLUDE_SOURCE;
				MTL_FAST_MATH = YES;
				ONLY_ACTIVE_ARCH = YES;
				SDKROOT = iphoneos;
				SWIFT_ACTIVE_COMPILATION_CONDITIONS = "DEBUG $(inherited)";
				SWIFT_OPTIMIZATION_LEVEL = "-Onone";
			};
			name = Debug;
		};
		B632450D2AEB1A4C003C3C3D /* Release */ = {
			isa = XCBuildConfiguration;
			buildSettings = {
				ALWAYS_SEARCH_USER_PATHS = NO;
				ASSETCATALOG_COMPILER_GENERATE_SWIFT_ASSET_SYMBOL_EXTENSIONS = YES;
				CLANG_ANALYZER_NONNULL = YES;
				CLANG_ANALYZER_NUMBER_OBJECT_CONVERSION = YES_AGGRESSIVE;
				CLANG_CXX_LANGUAGE_STANDARD = "gnu++20";
				CLANG_ENABLE_MODULES = YES;
				CLANG_ENABLE_OBJC_ARC = YES;
				CLANG_ENABLE_OBJC_WEAK = YES;
				CLANG_WARN_BLOCK_CAPTURE_AUTORELEASING = YES;
				CLANG_WARN_BOOL_CONVERSION = YES;
				CLANG_WARN_COMMA = YES;
				CLANG_WARN_CONSTANT_CONVERSION = YES;
				CLANG_WARN_DEPRECATED_OBJC_IMPLEMENTATIONS = YES;
				CLANG_WARN_DIRECT_OBJC_ISA_USAGE = YES_ERROR;
				CLANG_WARN_DOCUMENTATION_COMMENTS = YES;
				CLANG_WARN_EMPTY_BODY = YES;
				CLANG_WARN_ENUM_CONVERSION = YES;
				CLANG_WARN_INFINITE_RECURSION = YES;
				CLANG_WARN_INT_CONVERSION = YES;
				CLANG_WARN_NON_LITERAL_NULL_CONVERSION = YES;
				CLANG_WARN_OBJC_IMPLICIT_RETAIN_SELF = YES;
				CLANG_WARN_OBJC_LITERAL_CONVERSION = YES;
				CLANG_WARN_OBJC_ROOT_CLASS = YES_ERROR;
				CLANG_WARN_QUOTED_INCLUDE_IN_FRAMEWORK_HEADER = YES;
				CLANG_WARN_RANGE_LOOP_ANALYSIS = YES;
				CLANG_WARN_STRICT_PROTOTYPES = YES;
				CLANG_WARN_SUSPICIOUS_MOVE = YES;
				CLANG_WARN_UNGUARDED_AVAILABILITY = YES_AGGRESSIVE;
				CLANG_WARN_UNREACHABLE_CODE = YES;
				CLANG_WARN__DUPLICATE_METHOD_MATCH = YES;
				COPY_PHASE_STRIP = NO;
				DEBUG_INFORMATION_FORMAT = "dwarf-with-dsym";
				ENABLE_NS_ASSERTIONS = NO;
				ENABLE_STRICT_OBJC_MSGSEND = YES;
				ENABLE_USER_SCRIPT_SANDBOXING = YES;
				GCC_C_LANGUAGE_STANDARD = gnu17;
				GCC_NO_COMMON_BLOCKS = YES;
				GCC_WARN_64_TO_32_BIT_CONVERSION = YES;
				GCC_WARN_ABOUT_RETURN_TYPE = YES_ERROR;
				GCC_WARN_UNDECLARED_SELECTOR = YES;
				GCC_WARN_UNINITIALIZED_AUTOS = YES_AGGRESSIVE;
				GCC_WARN_UNUSED_FUNCTION = YES;
				GCC_WARN_UNUSED_VARIABLE = YES;
				IPHONEOS_DEPLOYMENT_TARGET = 17.0;
				LOCALIZATION_PREFERS_STRING_CATALOGS = YES;
				MTL_ENABLE_DEBUG_INFO = NO;
				MTL_FAST_MATH = YES;
				SDKROOT = iphoneos;
				SWIFT_COMPILATION_MODE = wholemodule;
				VALIDATE_PRODUCT = YES;
			};
			name = Release;
		};
		B632450F2AEB1A4C003C3C3D /* Debug */ = {
			isa = XCBuildConfiguration;
			buildSettings = {
				ASSETCATALOG_COMPILER_APPICON_NAME = AppIcon;
				ASSETCATALOG_COMPILER_GLOBAL_ACCENT_COLOR_NAME = AccentColor;
				CODE_SIGN_STYLE = Automatic;
				CURRENT_PROJECT_VERSION = 1;
				DEVELOPMENT_ASSET_PATHS = "\"MCourses/Preview Content\"";
				DEVELOPMENT_TEAM = VDV8D5L9KB;
				ENABLE_PREVIEWS = YES;
				GENERATE_INFOPLIST_FILE = YES;
				INFOPLIST_FILE = MCourses/Info.plist;
				INFOPLIST_KEY_UIApplicationSceneManifest_Generation = YES;
				INFOPLIST_KEY_UIApplicationSupportsIndirectInputEvents = YES;
				INFOPLIST_KEY_UILaunchScreen_Generation = YES;
				INFOPLIST_KEY_UISupportedInterfaceOrientations_iPad = "UIInterfaceOrientationPortrait UIInterfaceOrientationPortraitUpsideDown UIInterfaceOrientationLandscapeLeft UIInterfaceOrientationLandscapeRight";
				INFOPLIST_KEY_UISupportedInterfaceOrientations_iPhone = "UIInterfaceOrientationPortrait UIInterfaceOrientationLandscapeLeft UIInterfaceOrientationLandscapeRight";
				LD_RUNPATH_SEARCH_PATHS = (
					"$(inherited)",
					"@executable_path/Frameworks",
				);
				MARKETING_VERSION = 1.0;
				PRODUCT_BUNDLE_IDENTIFIER = michigan.hackers.MCourses;
				PRODUCT_NAME = "$(TARGET_NAME)";
				SWIFT_EMIT_LOC_STRINGS = YES;
				SWIFT_VERSION = 5.0;
				TARGETED_DEVICE_FAMILY = "1,2";
			};
			name = Debug;
		};
		B63245102AEB1A4C003C3C3D /* Release */ = {
			isa = XCBuildConfiguration;
			buildSettings = {
				ASSETCATALOG_COMPILER_APPICON_NAME = AppIcon;
				ASSETCATALOG_COMPILER_GLOBAL_ACCENT_COLOR_NAME = AccentColor;
				CODE_SIGN_STYLE = Automatic;
				CURRENT_PROJECT_VERSION = 1;
				DEVELOPMENT_ASSET_PATHS = "\"MCourses/Preview Content\"";
				DEVELOPMENT_TEAM = VDV8D5L9KB;
				ENABLE_PREVIEWS = YES;
				GENERATE_INFOPLIST_FILE = YES;
				INFOPLIST_FILE = MCourses/Info.plist;
				INFOPLIST_KEY_UIApplicationSceneManifest_Generation = YES;
				INFOPLIST_KEY_UIApplicationSupportsIndirectInputEvents = YES;
				INFOPLIST_KEY_UILaunchScreen_Generation = YES;
				INFOPLIST_KEY_UISupportedInterfaceOrientations_iPad = "UIInterfaceOrientationPortrait UIInterfaceOrientationPortraitUpsideDown UIInterfaceOrientationLandscapeLeft UIInterfaceOrientationLandscapeRight";
				INFOPLIST_KEY_UISupportedInterfaceOrientations_iPhone = "UIInterfaceOrientationPortrait UIInterfaceOrientationLandscapeLeft UIInterfaceOrientationLandscapeRight";
				LD_RUNPATH_SEARCH_PATHS = (
					"$(inherited)",
					"@executable_path/Frameworks",
				);
				MARKETING_VERSION = 1.0;
				PRODUCT_BUNDLE_IDENTIFIER = michigan.hackers.MCourses;
				PRODUCT_NAME = "$(TARGET_NAME)";
				SWIFT_EMIT_LOC_STRINGS = YES;
				SWIFT_VERSION = 5.0;
				TARGETED_DEVICE_FAMILY = "1,2";
			};
			name = Release;
		};
		B63245122AEB1A4C003C3C3D /* Debug */ = {
			isa = XCBuildConfiguration;
			buildSettings = {
				ALWAYS_EMBED_SWIFT_STANDARD_LIBRARIES = YES;
				BUNDLE_LOADER = "$(TEST_HOST)";
				CODE_SIGN_STYLE = Automatic;
				CURRENT_PROJECT_VERSION = 1;
				DEVELOPMENT_TEAM = VDV8D5L9KB;
				GENERATE_INFOPLIST_FILE = YES;
				IPHONEOS_DEPLOYMENT_TARGET = 17.0;
				MARKETING_VERSION = 1.0;
				PRODUCT_BUNDLE_IDENTIFIER = michigan.hackers.MCoursesTests;
				PRODUCT_NAME = "$(TARGET_NAME)";
				SWIFT_EMIT_LOC_STRINGS = NO;
				SWIFT_VERSION = 5.0;
				TARGETED_DEVICE_FAMILY = "1,2";
				TEST_HOST = "$(BUILT_PRODUCTS_DIR)/MCourses.app/$(BUNDLE_EXECUTABLE_FOLDER_PATH)/MCourses";
			};
			name = Debug;
		};
		B63245132AEB1A4C003C3C3D /* Release */ = {
			isa = XCBuildConfiguration;
			buildSettings = {
				ALWAYS_EMBED_SWIFT_STANDARD_LIBRARIES = YES;
				BUNDLE_LOADER = "$(TEST_HOST)";
				CODE_SIGN_STYLE = Automatic;
				CURRENT_PROJECT_VERSION = 1;
				DEVELOPMENT_TEAM = VDV8D5L9KB;
				GENERATE_INFOPLIST_FILE = YES;
				IPHONEOS_DEPLOYMENT_TARGET = 17.0;
				MARKETING_VERSION = 1.0;
				PRODUCT_BUNDLE_IDENTIFIER = michigan.hackers.MCoursesTests;
				PRODUCT_NAME = "$(TARGET_NAME)";
				SWIFT_EMIT_LOC_STRINGS = NO;
				SWIFT_VERSION = 5.0;
				TARGETED_DEVICE_FAMILY = "1,2";
				TEST_HOST = "$(BUILT_PRODUCTS_DIR)/MCourses.app/$(BUNDLE_EXECUTABLE_FOLDER_PATH)/MCourses";
			};
			name = Release;
		};
		B63245152AEB1A4C003C3C3D /* Debug */ = {
			isa = XCBuildConfiguration;
			buildSettings = {
				ALWAYS_EMBED_SWIFT_STANDARD_LIBRARIES = YES;
				CODE_SIGN_STYLE = Automatic;
				CURRENT_PROJECT_VERSION = 1;
				DEVELOPMENT_TEAM = VDV8D5L9KB;
				GENERATE_INFOPLIST_FILE = YES;
				MARKETING_VERSION = 1.0;
				PRODUCT_BUNDLE_IDENTIFIER = michigan.hackers.MCoursesUITests;
				PRODUCT_NAME = "$(TARGET_NAME)";
				SWIFT_EMIT_LOC_STRINGS = NO;
				SWIFT_VERSION = 5.0;
				TARGETED_DEVICE_FAMILY = "1,2";
				TEST_TARGET_NAME = MCourses;
			};
			name = Debug;
		};
		B63245162AEB1A4C003C3C3D /* Release */ = {
			isa = XCBuildConfiguration;
			buildSettings = {
				ALWAYS_EMBED_SWIFT_STANDARD_LIBRARIES = YES;
				CODE_SIGN_STYLE = Automatic;
				CURRENT_PROJECT_VERSION = 1;
				DEVELOPMENT_TEAM = VDV8D5L9KB;
				GENERATE_INFOPLIST_FILE = YES;
				MARKETING_VERSION = 1.0;
				PRODUCT_BUNDLE_IDENTIFIER = michigan.hackers.MCoursesUITests;
				PRODUCT_NAME = "$(TARGET_NAME)";
				SWIFT_EMIT_LOC_STRINGS = NO;
				SWIFT_VERSION = 5.0;
				TARGETED_DEVICE_FAMILY = "1,2";
				TEST_TARGET_NAME = MCourses;
			};
			name = Release;
		};
/* End XCBuildConfiguration section */

/* Begin XCConfigurationList section */
		B63244E52AEB1A4B003C3C3D /* Build configuration list for PBXProject "MCourses" */ = {
			isa = XCConfigurationList;
			buildConfigurations = (
				B632450C2AEB1A4C003C3C3D /* Debug */,
				B632450D2AEB1A4C003C3C3D /* Release */,
			);
			defaultConfigurationIsVisible = 0;
			defaultConfigurationName = Release;
		};
		B632450E2AEB1A4C003C3C3D /* Build configuration list for PBXNativeTarget "MCourses" */ = {
			isa = XCConfigurationList;
			buildConfigurations = (
				B632450F2AEB1A4C003C3C3D /* Debug */,
				B63245102AEB1A4C003C3C3D /* Release */,
			);
			defaultConfigurationIsVisible = 0;
			defaultConfigurationName = Release;
		};
		B63245112AEB1A4C003C3C3D /* Build configuration list for PBXNativeTarget "MCoursesTests" */ = {
			isa = XCConfigurationList;
			buildConfigurations = (
				B63245122AEB1A4C003C3C3D /* Debug */,
				B63245132AEB1A4C003C3C3D /* Release */,
			);
			defaultConfigurationIsVisible = 0;
			defaultConfigurationName = Release;
		};
		B63245142AEB1A4C003C3C3D /* Build configuration list for PBXNativeTarget "MCoursesUITests" */ = {
			isa = XCConfigurationList;
			buildConfigurations = (
				B63245152AEB1A4C003C3C3D /* Debug */,
				B63245162AEB1A4C003C3C3D /* Release */,
			);
			defaultConfigurationIsVisible = 0;
			defaultConfigurationName = Release;
		};
/* End XCConfigurationList section */

/* Begin XCRemoteSwiftPackageReference section */
		B65567E82B6413760036C0D7 /* XCRemoteSwiftPackageReference "firebase-ios-sdk" */ = {
			isa = XCRemoteSwiftPackageReference;
			repositoryURL = "https://github.com/firebase/firebase-ios-sdk";
			requirement = {
				kind = upToNextMajorVersion;
				minimumVersion = 10.20.0;
			};
		};
		B65567F72B6416D60036C0D7 /* XCRemoteSwiftPackageReference "GoogleSignIn-iOS" */ = {
			isa = XCRemoteSwiftPackageReference;
			repositoryURL = "https://github.com/google/GoogleSignIn-iOS";
			requirement = {
				kind = upToNextMajorVersion;
				minimumVersion = 7.0.0;
			};
		};
/* End XCRemoteSwiftPackageReference section */

/* Begin XCSwiftPackageProductDependency section */
		B633CA6E2B64183D00FE1417 /* GoogleSignIn */ = {
			isa = XCSwiftPackageProductDependency;
			package = B65567F72B6416D60036C0D7 /* XCRemoteSwiftPackageReference "GoogleSignIn-iOS" */;
			productName = GoogleSignIn;
		};
		B633CA702B64183D00FE1417 /* GoogleSignInSwift */ = {
			isa = XCSwiftPackageProductDependency;
			package = B65567F72B6416D60036C0D7 /* XCRemoteSwiftPackageReference "GoogleSignIn-iOS" */;
			productName = GoogleSignInSwift;
		};
		B65567E92B6413760036C0D7 /* FirebaseAnalytics */ = {
			isa = XCSwiftPackageProductDependency;
			package = B65567E82B6413760036C0D7 /* XCRemoteSwiftPackageReference "firebase-ios-sdk" */;
			productName = FirebaseAnalytics;
		};
		B65567EB2B6413760036C0D7 /* FirebaseAnalyticsSwift */ = {
			isa = XCSwiftPackageProductDependency;
			package = B65567E82B6413760036C0D7 /* XCRemoteSwiftPackageReference "firebase-ios-sdk" */;
			productName = FirebaseAnalyticsSwift;
		};
		B65567ED2B6413760036C0D7 /* FirebaseAuth */ = {
			isa = XCSwiftPackageProductDependency;
			package = B65567E82B6413760036C0D7 /* XCRemoteSwiftPackageReference "firebase-ios-sdk" */;
			productName = FirebaseAuth;
		};
		B65567EF2B6413760036C0D7 /* FirebaseDatabase */ = {
			isa = XCSwiftPackageProductDependency;
			package = B65567E82B6413760036C0D7 /* XCRemoteSwiftPackageReference "firebase-ios-sdk" */;
			productName = FirebaseDatabase;
		};
		B65567F12B6413760036C0D7 /* FirebaseFirestore */ = {
			isa = XCSwiftPackageProductDependency;
			package = B65567E82B6413760036C0D7 /* XCRemoteSwiftPackageReference "firebase-ios-sdk" */;
			productName = FirebaseFirestore;
		};
		B65567F32B6413760036C0D7 /* FirebaseFirestoreSwift */ = {
			isa = XCSwiftPackageProductDependency;
			package = B65567E82B6413760036C0D7 /* XCRemoteSwiftPackageReference "firebase-ios-sdk" */;
			productName = FirebaseFirestoreSwift;
		};
		B65567F52B6413760036C0D7 /* FirebaseStorage */ = {
			isa = XCSwiftPackageProductDependency;
			package = B65567E82B6413760036C0D7 /* XCRemoteSwiftPackageReference "firebase-ios-sdk" */;
			productName = FirebaseStorage;
		};
/* End XCSwiftPackageProductDependency section */
	};
	rootObject = B63244E22AEB1A4B003C3C3D /* Project object */;
}
